// !$*UTF8*$!
{
	archiveVersion = 1;
	classes = {
	};
	objectVersion = 50;
	objects = {

/* Begin PBXBuildFile section */
		07CF0725207EE6E90062BDCF /* AppDelegate.m in Sources */ = {isa = PBXBuildFile; fileRef = 07CF0724207EE6E90062BDCF /* AppDelegate.m */; };
		07CF0743207EF24B0062BDCF /* ApiNetWork.m in Sources */ = {isa = PBXBuildFile; fileRef = 07CF0742207EF24B0062BDCF /* ApiNetWork.m */; };
		07CF0746207EF4390062BDCF /* BaseViewController.m in Sources */ = {isa = PBXBuildFile; fileRef = 07CF0745207EF4390062BDCF /* BaseViewController.m */; };
		07CF0749207EF4570062BDCF /* BaseNavigationController.m in Sources */ = {isa = PBXBuildFile; fileRef = 07CF0748207EF4570062BDCF /* BaseNavigationController.m */; };
		07CF0758207EFA420062BDCF /* Assets.xcassets in Resources */ = {isa = PBXBuildFile; fileRef = 07CF0750207EFA420062BDCF /* Assets.xcassets */; };
		07CF0759207EFA420062BDCF /* LaunchScreen.storyboard in Resources */ = {isa = PBXBuildFile; fileRef = 07CF0751207EFA420062BDCF /* LaunchScreen.storyboard */; };
		07CF075A207EFA420062BDCF /* Main.storyboard in Resources */ = {isa = PBXBuildFile; fileRef = 07CF0753207EFA420062BDCF /* Main.storyboard */; };
		07CF075B207EFA420062BDCF /* main.m in Sources */ = {isa = PBXBuildFile; fileRef = 07CF0755207EFA420062BDCF /* main.m */; };
		07CF075C207EFA420062BDCF /* Info.plist in Resources */ = {isa = PBXBuildFile; fileRef = 07CF0757207EFA420062BDCF /* Info.plist */; };
		07D8D7D5207F572C0060C8E5 /* UIImage+drawRect.m in Sources */ = {isa = PBXBuildFile; fileRef = 07D8D7D4207F572C0060C8E5 /* UIImage+drawRect.m */; };
		07D8D7D9207F57710060C8E5 /* UIColor+Extend.m in Sources */ = {isa = PBXBuildFile; fileRef = 07D8D7D8207F57710060C8E5 /* UIColor+Extend.m */; };
		07D8D7DD207F58AE0060C8E5 /* NSDate+Extend.m in Sources */ = {isa = PBXBuildFile; fileRef = 07D8D7DC207F58AE0060C8E5 /* NSDate+Extend.m */; };
		07D8D7E1207F5B2D0060C8E5 /* NSString+Check.m in Sources */ = {isa = PBXBuildFile; fileRef = 07D8D7E0207F5B2D0060C8E5 /* NSString+Check.m */; };
		07D8D7E5207F5C9F0060C8E5 /* UIView+Frame.m in Sources */ = {isa = PBXBuildFile; fileRef = 07D8D7E4207F5C9F0060C8E5 /* UIView+Frame.m */; };
		FB34310667D41B259E259A46 /* libPods-MBProject.a in Frameworks */ = {isa = PBXBuildFile; fileRef = 7F136D22C3272B6173E5C0F3 /* libPods-MBProject.a */; };
/* End PBXBuildFile section */

/* Begin PBXFileReference section */
		07CF0720207EE6E90062BDCF /* MBProject.app */ = {isa = PBXFileReference; explicitFileType = wrapper.application; includeInIndex = 0; path = MBProject.app; sourceTree = BUILT_PRODUCTS_DIR; };
		07CF0723207EE6E90062BDCF /* AppDelegate.h */ = {isa = PBXFileReference; lastKnownFileType = sourcecode.c.h; path = AppDelegate.h; sourceTree = "<group>"; };
		07CF0724207EE6E90062BDCF /* AppDelegate.m */ = {isa = PBXFileReference; lastKnownFileType = sourcecode.c.objc; path = AppDelegate.m; sourceTree = "<group>"; };
		07CF0741207EF24B0062BDCF /* ApiNetWork.h */ = {isa = PBXFileReference; lastKnownFileType = sourcecode.c.h; path = ApiNetWork.h; sourceTree = "<group>"; };
		07CF0742207EF24B0062BDCF /* ApiNetWork.m */ = {isa = PBXFileReference; lastKnownFileType = sourcecode.c.objc; path = ApiNetWork.m; sourceTree = "<group>"; };
		07CF0744207EF4390062BDCF /* BaseViewController.h */ = {isa = PBXFileReference; lastKnownFileType = sourcecode.c.h; path = BaseViewController.h; sourceTree = "<group>"; };
		07CF0745207EF4390062BDCF /* BaseViewController.m */ = {isa = PBXFileReference; lastKnownFileType = sourcecode.c.objc; path = BaseViewController.m; sourceTree = "<group>"; };
		07CF0747207EF4570062BDCF /* BaseNavigationController.h */ = {isa = PBXFileReference; lastKnownFileType = sourcecode.c.h; path = BaseNavigationController.h; sourceTree = "<group>"; };
		07CF0748207EF4570062BDCF /* BaseNavigationController.m */ = {isa = PBXFileReference; lastKnownFileType = sourcecode.c.objc; path = BaseNavigationController.m; sourceTree = "<group>"; };
		07CF074A207EF4A80062BDCF /* ApiDefine.h */ = {isa = PBXFileReference; lastKnownFileType = sourcecode.c.h; path = ApiDefine.h; sourceTree = "<group>"; };
		07CF074B207EF4FD0062BDCF /* CommonDefine.h */ = {isa = PBXFileReference; lastKnownFileType = sourcecode.c.h; path = CommonDefine.h; sourceTree = "<group>"; };
		07CF0750207EFA420062BDCF /* Assets.xcassets */ = {isa = PBXFileReference; lastKnownFileType = folder.assetcatalog; path = Assets.xcassets; sourceTree = "<group>"; };
		07CF0752207EFA420062BDCF /* Base */ = {isa = PBXFileReference; lastKnownFileType = file.storyboard; name = Base; path = Base.lproj/LaunchScreen.storyboard; sourceTree = "<group>"; };
		07CF0754207EFA420062BDCF /* Base */ = {isa = PBXFileReference; lastKnownFileType = file.storyboard; name = Base; path = Base.lproj/Main.storyboard; sourceTree = "<group>"; };
		07CF0755207EFA420062BDCF /* main.m */ = {isa = PBXFileReference; fileEncoding = 4; lastKnownFileType = sourcecode.c.objc; path = main.m; sourceTree = "<group>"; };
		07CF0756207EFA420062BDCF /* MBProject_Header.pch */ = {isa = PBXFileReference; fileEncoding = 4; lastKnownFileType = sourcecode.c.h; path = MBProject_Header.pch; sourceTree = "<group>"; };
		07CF0757207EFA420062BDCF /* Info.plist */ = {isa = PBXFileReference; fileEncoding = 4; lastKnownFileType = text.plist.xml; path = Info.plist; sourceTree = "<group>"; };
		07D8D7D3207F572C0060C8E5 /* UIImage+drawRect.h */ = {isa = PBXFileReference; fileEncoding = 4; lastKnownFileType = sourcecode.c.h; path = "UIImage+drawRect.h"; sourceTree = "<group>"; };
		07D8D7D4207F572C0060C8E5 /* UIImage+drawRect.m */ = {isa = PBXFileReference; fileEncoding = 4; lastKnownFileType = sourcecode.c.objc; path = "UIImage+drawRect.m"; sourceTree = "<group>"; };
		07D8D7D7207F57710060C8E5 /* UIColor+Extend.h */ = {isa = PBXFileReference; lastKnownFileType = sourcecode.c.h; path = "UIColor+Extend.h"; sourceTree = "<group>"; };
		07D8D7D8207F57710060C8E5 /* UIColor+Extend.m */ = {isa = PBXFileReference; lastKnownFileType = sourcecode.c.objc; path = "UIColor+Extend.m"; sourceTree = "<group>"; };
		07D8D7DB207F58AE0060C8E5 /* NSDate+Extend.h */ = {isa = PBXFileReference; lastKnownFileType = sourcecode.c.h; path = "NSDate+Extend.h"; sourceTree = "<group>"; };
		07D8D7DC207F58AE0060C8E5 /* NSDate+Extend.m */ = {isa = PBXFileReference; lastKnownFileType = sourcecode.c.objc; path = "NSDate+Extend.m"; sourceTree = "<group>"; };
		07D8D7DF207F5B2D0060C8E5 /* NSString+Check.h */ = {isa = PBXFileReference; lastKnownFileType = sourcecode.c.h; path = "NSString+Check.h"; sourceTree = "<group>"; };
		07D8D7E0207F5B2D0060C8E5 /* NSString+Check.m */ = {isa = PBXFileReference; lastKnownFileType = sourcecode.c.objc; path = "NSString+Check.m"; sourceTree = "<group>"; };
		07D8D7E3207F5C9F0060C8E5 /* UIView+Frame.h */ = {isa = PBXFileReference; lastKnownFileType = sourcecode.c.h; path = "UIView+Frame.h"; sourceTree = "<group>"; };
		07D8D7E4207F5C9F0060C8E5 /* UIView+Frame.m */ = {isa = PBXFileReference; lastKnownFileType = sourcecode.c.objc; path = "UIView+Frame.m"; sourceTree = "<group>"; };
		6BC0B092117CDE501F35E091 /* Pods-MBProject.debug.xcconfig */ = {isa = PBXFileReference; includeInIndex = 1; lastKnownFileType = text.xcconfig; name = "Pods-MBProject.debug.xcconfig"; path = "Pods/Target Support Files/Pods-MBProject/Pods-MBProject.debug.xcconfig"; sourceTree = "<group>"; };
		7F136D22C3272B6173E5C0F3 /* libPods-MBProject.a */ = {isa = PBXFileReference; explicitFileType = archive.ar; includeInIndex = 0; path = "libPods-MBProject.a"; sourceTree = BUILT_PRODUCTS_DIR; };
		D9EDF4B9DB56023AD89E444E /* Pods-MBProject.release.xcconfig */ = {isa = PBXFileReference; includeInIndex = 1; lastKnownFileType = text.xcconfig; name = "Pods-MBProject.release.xcconfig"; path = "Pods/Target Support Files/Pods-MBProject/Pods-MBProject.release.xcconfig"; sourceTree = "<group>"; };
/* End PBXFileReference section */

/* Begin PBXFrameworksBuildPhase section */
		07CF071D207EE6E90062BDCF /* Frameworks */ = {
			isa = PBXFrameworksBuildPhase;
			buildActionMask = 2147483647;
			files = (
				FB34310667D41B259E259A46 /* libPods-MBProject.a in Frameworks */,
			);
			runOnlyForDeploymentPostprocessing = 0;
		};
/* End PBXFrameworksBuildPhase section */

/* Begin PBXGroup section */
		07CF0717207EE6E90062BDCF = {
			isa = PBXGroup;
			children = (
				07CF0722207EE6E90062BDCF /* MBProject */,
				07CF0721207EE6E90062BDCF /* Products */,
				710B344A32CD977A436FA2F3 /* Pods */,
				D4D98FF5552ED6800CA3FF4D /* Frameworks */,
			);
			sourceTree = "<group>";
		};
		07CF0721207EE6E90062BDCF /* Products */ = {
			isa = PBXGroup;
			children = (
				07CF0720207EE6E90062BDCF /* MBProject.app */,
			);
			name = Products;
			sourceTree = "<group>";
		};
		07CF0722207EE6E90062BDCF /* MBProject */ = {
			isa = PBXGroup;
			children = (
				07CF074F207EFA420062BDCF /* Source */,
				07CF073D207EF22E0062BDCF /* Base */,
				07CF073C207EECB40062BDCF /* Module */,
				07CF073A207EEC2F0062BDCF /* Utils */,
				07CF0723207EE6E90062BDCF /* AppDelegate.h */,
				07CF0724207EE6E90062BDCF /* AppDelegate.m */,
			);
			path = MBProject;
			sourceTree = "<group>";
		};
		07CF073A207EEC2F0062BDCF /* Utils */ = {
			isa = PBXGroup;
			children = (
				07CF073B207EEC2F0062BDCF /* Category */,
			);
			path = Utils;
			sourceTree = "<group>";
		};
		07CF073B207EEC2F0062BDCF /* Category */ = {
			isa = PBXGroup;
			children = (
				07D8D7E2207F5C920060C8E5 /* UIView */,
				07D8D7DE207F5B070060C8E5 /* NSString */,
				07D8D7DA207F589F0060C8E5 /* NSDate */,
				07D8D7D6207F57390060C8E5 /* UIColor */,
				07D8D7D2207F572C0060C8E5 /* UIImage */,
			);
			path = Category;
			sourceTree = "<group>";
		};
		07CF073C207EECB40062BDCF /* Module */ = {
			isa = PBXGroup;
			children = (
			);
			path = Module;
			sourceTree = "<group>";
		};
		07CF073D207EF22E0062BDCF /* Base */ = {
			isa = PBXGroup;
			children = (
				07CF073E207EF22E0062BDCF /* BaseNetWork */,
				07CF073F207EF22E0062BDCF /* BaseViewController */,
				07CF0740207EF22E0062BDCF /* BaseDefine */,
			);
			path = Base;
			sourceTree = "<group>";
		};
		07CF073E207EF22E0062BDCF /* BaseNetWork */ = {
			isa = PBXGroup;
			children = (
				07CF0741207EF24B0062BDCF /* ApiNetWork.h */,
				07CF0742207EF24B0062BDCF /* ApiNetWork.m */,
			);
			path = BaseNetWork;
			sourceTree = "<group>";
		};
		07CF073F207EF22E0062BDCF /* BaseViewController */ = {
			isa = PBXGroup;
			children = (
				07CF0744207EF4390062BDCF /* BaseViewController.h */,
				07CF0745207EF4390062BDCF /* BaseViewController.m */,
				07CF0747207EF4570062BDCF /* BaseNavigationController.h */,
				07CF0748207EF4570062BDCF /* BaseNavigationController.m */,
			);
			path = BaseViewController;
			sourceTree = "<group>";
		};
		07CF0740207EF22E0062BDCF /* BaseDefine */ = {
			isa = PBXGroup;
			children = (
				07CF074A207EF4A80062BDCF /* ApiDefine.h */,
				07CF074B207EF4FD0062BDCF /* CommonDefine.h */,
			);
			path = BaseDefine;
			sourceTree = "<group>";
		};
		07CF074F207EFA420062BDCF /* Source */ = {
			isa = PBXGroup;
			children = (
				07CF0750207EFA420062BDCF /* Assets.xcassets */,
				07CF0751207EFA420062BDCF /* LaunchScreen.storyboard */,
				07CF0753207EFA420062BDCF /* Main.storyboard */,
				07CF0755207EFA420062BDCF /* main.m */,
				07CF0756207EFA420062BDCF /* MBProject_Header.pch */,
				07CF0757207EFA420062BDCF /* Info.plist */,
			);
			path = Source;
			sourceTree = "<group>";
		};
		07D8D7D2207F572C0060C8E5 /* UIImage */ = {
			isa = PBXGroup;
			children = (
				07D8D7D3207F572C0060C8E5 /* UIImage+drawRect.h */,
				07D8D7D4207F572C0060C8E5 /* UIImage+drawRect.m */,
			);
			path = UIImage;
			sourceTree = "<group>";
		};
		07D8D7D6207F57390060C8E5 /* UIColor */ = {
			isa = PBXGroup;
			children = (
				07D8D7D7207F57710060C8E5 /* UIColor+Extend.h */,
				07D8D7D8207F57710060C8E5 /* UIColor+Extend.m */,
			);
			path = UIColor;
			sourceTree = "<group>";
		};
		07D8D7DA207F589F0060C8E5 /* NSDate */ = {
			isa = PBXGroup;
			children = (
				07D8D7DB207F58AE0060C8E5 /* NSDate+Extend.h */,
				07D8D7DC207F58AE0060C8E5 /* NSDate+Extend.m */,
			);
			path = NSDate;
			sourceTree = "<group>";
		};
		07D8D7DE207F5B070060C8E5 /* NSString */ = {
			isa = PBXGroup;
			children = (
				07D8D7DF207F5B2D0060C8E5 /* NSString+Check.h */,
				07D8D7E0207F5B2D0060C8E5 /* NSString+Check.m */,
			);
			path = NSString;
			sourceTree = "<group>";
		};
		07D8D7E2207F5C920060C8E5 /* UIView */ = {
			isa = PBXGroup;
			children = (
				07D8D7E3207F5C9F0060C8E5 /* UIView+Frame.h */,
				07D8D7E4207F5C9F0060C8E5 /* UIView+Frame.m */,
			);
			path = UIView;
			sourceTree = "<group>";
		};
		710B344A32CD977A436FA2F3 /* Pods */ = {
			isa = PBXGroup;
			children = (
				6BC0B092117CDE501F35E091 /* Pods-MBProject.debug.xcconfig */,
				D9EDF4B9DB56023AD89E444E /* Pods-MBProject.release.xcconfig */,
			);
			name = Pods;
			sourceTree = "<group>";
		};
		D4D98FF5552ED6800CA3FF4D /* Frameworks */ = {
			isa = PBXGroup;
			children = (
				7F136D22C3272B6173E5C0F3 /* libPods-MBProject.a */,
			);
			name = Frameworks;
			sourceTree = "<group>";
		};
/* End PBXGroup section */

/* Begin PBXNativeTarget section */
		07CF071F207EE6E90062BDCF /* MBProject */ = {
			isa = PBXNativeTarget;
			buildConfigurationList = 07CF0736207EE6EA0062BDCF /* Build configuration list for PBXNativeTarget "MBProject" */;
			buildPhases = (
				EED81B90D5E8757C7CF5092C /* [CP] Check Pods Manifest.lock */,
				07CF071C207EE6E90062BDCF /* Sources */,
				07CF071D207EE6E90062BDCF /* Frameworks */,
				07CF071E207EE6E90062BDCF /* Resources */,
				6DDDFFB1C7FE5FAC6051C1D9 /* [CP] Copy Pods Resources */,
			);
			buildRules = (
			);
			dependencies = (
			);
			name = MBProject;
			productName = MBProject;
			productReference = 07CF0720207EE6E90062BDCF /* MBProject.app */;
			productType = "com.apple.product-type.application";
		};
/* End PBXNativeTarget section */

/* Begin PBXProject section */
		07CF0718207EE6E90062BDCF /* Project object */ = {
			isa = PBXProject;
			attributes = {
				LastUpgradeCheck = 0930;
				ORGANIZATIONNAME = MaBiao;
				TargetAttributes = {
					07CF071F207EE6E90062BDCF = {
						CreatedOnToolsVersion = 9.3;
					};
				};
			};
			buildConfigurationList = 07CF071B207EE6E90062BDCF /* Build configuration list for PBXProject "MBProject" */;
			compatibilityVersion = "Xcode 9.3";
			developmentRegion = en;
			hasScannedForEncodings = 0;
			knownRegions = (
				en,
				Base,
			);
			mainGroup = 07CF0717207EE6E90062BDCF;
			productRefGroup = 07CF0721207EE6E90062BDCF /* Products */;
			projectDirPath = "";
			projectRoot = "";
			targets = (
				07CF071F207EE6E90062BDCF /* MBProject */,
			);
		};
/* End PBXProject section */

/* Begin PBXResourcesBuildPhase section */
		07CF071E207EE6E90062BDCF /* Resources */ = {
			isa = PBXResourcesBuildPhase;
			buildActionMask = 2147483647;
			files = (
				07CF075C207EFA420062BDCF /* Info.plist in Resources */,
				07CF075A207EFA420062BDCF /* Main.storyboard in Resources */,
				07CF0758207EFA420062BDCF /* Assets.xcassets in Resources */,
				07CF0759207EFA420062BDCF /* LaunchScreen.storyboard in Resources */,
			);
			runOnlyForDeploymentPostprocessing = 0;
		};
/* End PBXResourcesBuildPhase section */

/* Begin PBXShellScriptBuildPhase section */
		6DDDFFB1C7FE5FAC6051C1D9 /* [CP] Copy Pods Resources */ = {
			isa = PBXShellScriptBuildPhase;
			buildActionMask = 2147483647;
			files = (
			);
			inputPaths = (
				"${SRCROOT}/Pods/Target Support Files/Pods-MBProject/Pods-MBProject-resources.sh",
				"${PODS_ROOT}/MJRefresh/MJRefresh/MJRefresh.bundle",
			);
			name = "[CP] Copy Pods Resources";
			outputPaths = (
				"${TARGET_BUILD_DIR}/${UNLOCALIZED_RESOURCES_FOLDER_PATH}/MJRefresh.bundle",
			);
			runOnlyForDeploymentPostprocessing = 0;
			shellPath = /bin/sh;
			shellScript = "\"${SRCROOT}/Pods/Target Support Files/Pods-MBProject/Pods-MBProject-resources.sh\"\n";
			showEnvVarsInLog = 0;
		};
		EED81B90D5E8757C7CF5092C /* [CP] Check Pods Manifest.lock */ = {
			isa = PBXShellScriptBuildPhase;
			buildActionMask = 2147483647;
			files = (
			);
			inputPaths = (
				"${PODS_PODFILE_DIR_PATH}/Podfile.lock",
				"${PODS_ROOT}/Manifest.lock",
			);
			name = "[CP] Check Pods Manifest.lock";
			outputPaths = (
				"$(DERIVED_FILE_DIR)/Pods-MBProject-checkManifestLockResult.txt",
			);
			runOnlyForDeploymentPostprocessing = 0;
			shellPath = /bin/sh;
			shellScript = "diff \"${PODS_PODFILE_DIR_PATH}/Podfile.lock\" \"${PODS_ROOT}/Manifest.lock\" > /dev/null\nif [ $? != 0 ] ; then\n    # print error to STDERR\n    echo \"error: The sandbox is not in sync with the Podfile.lock. Run 'pod install' or update your CocoaPods installation.\" >&2\n    exit 1\nfi\n# This output is used by Xcode 'outputs' to avoid re-running this script phase.\necho \"SUCCESS\" > \"${SCRIPT_OUTPUT_FILE_0}\"\n";
			showEnvVarsInLog = 0;
		};
/* End PBXShellScriptBuildPhase section */

/* Begin PBXSourcesBuildPhase section */
		07CF071C207EE6E90062BDCF /* Sources */ = {
			isa = PBXSourcesBuildPhase;
			buildActionMask = 2147483647;
			files = (
				07CF075B207EFA420062BDCF /* main.m in Sources */,
				07D8D7D5207F572C0060C8E5 /* UIImage+drawRect.m in Sources */,
				07CF0746207EF4390062BDCF /* BaseViewController.m in Sources */,
				07CF0725207EE6E90062BDCF /* AppDelegate.m in Sources */,
				07D8D7DD207F58AE0060C8E5 /* NSDate+Extend.m in Sources */,
				07D8D7D9207F57710060C8E5 /* UIColor+Extend.m in Sources */,
				07D8D7E1207F5B2D0060C8E5 /* NSString+Check.m in Sources */,
				07CF0743207EF24B0062BDCF /* ApiNetWork.m in Sources */,
				07D8D7E5207F5C9F0060C8E5 /* UIView+Frame.m in Sources */,
				07CF0749207EF4570062BDCF /* BaseNavigationController.m in Sources */,
			);
			runOnlyForDeploymentPostprocessing = 0;
		};
/* End PBXSourcesBuildPhase section */

/* Begin PBXVariantGroup section */
		07CF0751207EFA420062BDCF /* LaunchScreen.storyboard */ = {
			isa = PBXVariantGroup;
			children = (
				07CF0752207EFA420062BDCF /* Base */,
			);
			name = LaunchScreen.storyboard;
			sourceTree = "<group>";
		};
		07CF0753207EFA420062BDCF /* Main.storyboard */ = {
			isa = PBXVariantGroup;
			children = (
				07CF0754207EFA420062BDCF /* Base */,
			);
			name = Main.storyboard;
			sourceTree = "<group>";
		};
/* End PBXVariantGroup section */

/* Begin XCBuildConfiguration section */
		07CF0734207EE6EA0062BDCF /* Debug */ = {
			isa = XCBuildConfiguration;
			buildSettings = {
				ALWAYS_SEARCH_USER_PATHS = NO;
				CLANG_ANALYZER_NONNULL = YES;
				CLANG_ANALYZER_NUMBER_OBJECT_CONVERSION = YES_AGGRESSIVE;
				CLANG_CXX_LANGUAGE_STANDARD = "gnu++14";
				CLANG_CXX_LIBRARY = "libc++";
				CLANG_ENABLE_MODULES = YES;
				CLANG_ENABLE_OBJC_ARC = YES;
				CLANG_ENABLE_OBJC_WEAK = YES;
				CLANG_WARN_BLOCK_CAPTURE_AUTORELEASING = YES;
				CLANG_WARN_BOOL_CONVERSION = YES;
				CLANG_WARN_COMMA = YES;
				CLANG_WARN_CONSTANT_CONVERSION = YES;
				CLANG_WARN_DEPRECATED_OBJC_IMPLEMENTATIONS = YES;
				CLANG_WARN_DIRECT_OBJC_ISA_USAGE = YES_ERROR;
				CLANG_WARN_DOCUMENTATION_COMMENTS = YES;
				CLANG_WARN_EMPTY_BODY = YES;
				CLANG_WARN_ENUM_CONVERSION = YES;
				CLANG_WARN_INFINITE_RECURSION = YES;
				CLANG_WARN_INT_CONVERSION = YES;
				CLANG_WARN_NON_LITERAL_NULL_CONVERSION = YES;
				CLANG_WARN_OBJC_IMPLICIT_RETAIN_SELF = YES;
				CLANG_WARN_OBJC_LITERAL_CONVERSION = YES;
				CLANG_WARN_OBJC_ROOT_CLASS = YES_ERROR;
				CLANG_WARN_RANGE_LOOP_ANALYSIS = YES;
				CLANG_WARN_STRICT_PROTOTYPES = YES;
				CLANG_WARN_SUSPICIOUS_MOVE = YES;
				CLANG_WARN_UNGUARDED_AVAILABILITY = YES_AGGRESSIVE;
				CLANG_WARN_UNREACHABLE_CODE = YES;
				CLANG_WARN__DUPLICATE_METHOD_MATCH = YES;
				CODE_SIGN_IDENTITY = "iPhone Developer";
				COPY_PHASE_STRIP = NO;
				DEBUG_INFORMATION_FORMAT = dwarf;
				ENABLE_STRICT_OBJC_MSGSEND = YES;
				ENABLE_TESTABILITY = YES;
				GCC_C_LANGUAGE_STANDARD = gnu11;
				GCC_DYNAMIC_NO_PIC = NO;
				GCC_NO_COMMON_BLOCKS = YES;
				GCC_OPTIMIZATION_LEVEL = 0;
				GCC_PREPROCESSOR_DEFINITIONS = (
					"DEBUG=1",
					"$(inherited)",
				);
				GCC_WARN_64_TO_32_BIT_CONVERSION = YES;
				GCC_WARN_ABOUT_RETURN_TYPE = YES_ERROR;
				GCC_WARN_UNDECLARED_SELECTOR = YES;
				GCC_WARN_UNINITIALIZED_AUTOS = YES_AGGRESSIVE;
				GCC_WARN_UNUSED_FUNCTION = YES;
				GCC_WARN_UNUSED_VARIABLE = YES;
				IPHONEOS_DEPLOYMENT_TARGET = 11.3;
				MTL_ENABLE_DEBUG_INFO = YES;
				ONLY_ACTIVE_ARCH = YES;
				SDKROOT = iphoneos;
			};
			name = Debug;
		};
		07CF0735207EE6EA0062BDCF /* Release */ = {
			isa = XCBuildConfiguration;
			buildSettings = {
				ALWAYS_SEARCH_USER_PATHS = NO;
				CLANG_ANALYZER_NONNULL = YES;
				CLANG_ANALYZER_NUMBER_OBJECT_CONVERSION = YES_AGGRESSIVE;
				CLANG_CXX_LANGUAGE_STANDARD = "gnu++14";
				CLANG_CXX_LIBRARY = "libc++";
				CLANG_ENABLE_MODULES = YES;
				CLANG_ENABLE_OBJC_ARC = YES;
				CLANG_ENABLE_OBJC_WEAK = YES;
				CLANG_WARN_BLOCK_CAPTURE_AUTORELEASING = YES;
				CLANG_WARN_BOOL_CONVERSION = YES;
				CLANG_WARN_COMMA = YES;
				CLANG_WARN_CONSTANT_CONVERSION = YES;
				CLANG_WARN_DEPRECATED_OBJC_IMPLEMENTATIONS = YES;
				CLANG_WARN_DIRECT_OBJC_ISA_USAGE = YES_ERROR;
				CLANG_WARN_DOCUMENTATION_COMMENTS = YES;
				CLANG_WARN_EMPTY_BODY = YES;
				CLANG_WARN_ENUM_CONVERSION = YES;
				CLANG_WARN_INFINITE_RECURSION = YES;
				CLANG_WARN_INT_CONVERSION = YES;
				CLANG_WARN_NON_LITERAL_NULL_CONVERSION = YES;
				CLANG_WARN_OBJC_IMPLICIT_RETAIN_SELF = YES;
				CLANG_WARN_OBJC_LITERAL_CONVERSION = YES;
				CLANG_WARN_OBJC_ROOT_CLASS = YES_ERROR;
				CLANG_WARN_RANGE_LOOP_ANALYSIS = YES;
				CLANG_WARN_STRICT_PROTOTYPES = YES;
				CLANG_WARN_SUSPICIOUS_MOVE = YES;
				CLANG_WARN_UNGUARDED_AVAILABILITY = YES_AGGRESSIVE;
				CLANG_WARN_UNREACHABLE_CODE = YES;
				CLANG_WARN__DUPLICATE_METHOD_MATCH = YES;
				CODE_SIGN_IDENTITY = "iPhone Developer";
				COPY_PHASE_STRIP = NO;
				DEBUG_INFORMATION_FORMAT = "dwarf-with-dsym";
				ENABLE_NS_ASSERTIONS = NO;
				ENABLE_STRICT_OBJC_MSGSEND = YES;
				GCC_C_LANGUAGE_STANDARD = gnu11;
				GCC_NO_COMMON_BLOCKS = YES;
				GCC_WARN_64_TO_32_BIT_CONVERSION = YES;
				GCC_WARN_ABOUT_RETURN_TYPE = YES_ERROR;
				GCC_WARN_UNDECLARED_SELECTOR = YES;
				GCC_WARN_UNINITIALIZED_AUTOS = YES_AGGRESSIVE;
				GCC_WARN_UNUSED_FUNCTION = YES;
				GCC_WARN_UNUSED_VARIABLE = YES;
				IPHONEOS_DEPLOYMENT_TARGET = 11.3;
				MTL_ENABLE_DEBUG_INFO = NO;
				SDKROOT = iphoneos;
				VALIDATE_PRODUCT = YES;
			};
			name = Release;
		};
		07CF0737207EE6EA0062BDCF /* Debug */ = {
			isa = XCBuildConfiguration;
			baseConfigurationReference = 6BC0B092117CDE501F35E091 /* Pods-MBProject.debug.xcconfig */;
			buildSettings = {
				ASSETCATALOG_COMPILER_APPICON_NAME = AppIcon;
				CODE_SIGN_STYLE = Manual;
				DEVELOPMENT_TEAM = "";
				INFOPLIST_FILE = MBProject/Source/Info.plist;
				LD_RUNPATH_SEARCH_PATHS = (
					"$(inherited)",
					"@executable_path/Frameworks",
				);
				PRODUCT_BUNDLE_IDENTIFIER = com.MaBiao.MBProject;
				PRODUCT_NAME = "$(TARGET_NAME)";
				PROVISIONING_PROFILE_SPECIFIER = "";
				TARGETED_DEVICE_FAMILY = "1,2";
			};
			name = Debug;
		};
		07CF0738207EE6EA0062BDCF /* Release */ = {
			isa = XCBuildConfiguration;
			baseConfigurationReference = D9EDF4B9DB56023AD89E444E /* Pods-MBProject.release.xcconfig */;
			buildSettings = {
				ASSETCATALOG_COMPILER_APPICON_NAME = AppIcon;
				CODE_SIGN_STYLE = Manual;
				DEVELOPMENT_TEAM = "";
				INFOPLIST_FILE = MBProject/Source/Info.plist;
				LD_RUNPATH_SEARCH_PATHS = (
					"$(inherited)",
					"@executable_path/Frameworks",
				);
				PRODUCT_BUNDLE_IDENTIFIER = com.MaBiao.MBProject;
				PRODUCT_NAME = "$(TARGET_NAME)";
				PROVISIONING_PROFILE_SPECIFIER = "";
				TARGETED_DEVICE_FAMILY = "1,2";
			};
			name = Release;
		};
/* End XCBuildConfiguration section */

/* Begin XCConfigurationList section */
		07CF071B207EE6E90062BDCF /* Build configuration list for PBXProject "MBProject" */ = {
			isa = XCConfigurationList;
			buildConfigurations = (
				07CF0734207EE6EA0062BDCF /* Debug */,
				07CF0735207EE6EA0062BDCF /* Release */,
			);
			defaultConfigurationIsVisible = 0;
			defaultConfigurationName = Release;
		};
		07CF0736207EE6EA0062BDCF /* Build configuration list for PBXNativeTarget "MBProject" */ = {
			isa = XCConfigurationList;
			buildConfigurations = (
				07CF0737207EE6EA0062BDCF /* Debug */,
				07CF0738207EE6EA0062BDCF /* Release */,
			);
			defaultConfigurationIsVisible = 0;
			defaultConfigurationName = Release;
		};
/* End XCConfigurationList section */
	};
	rootObject = 07CF0718207EE6E90062BDCF /* Project object */;
}
